
Microsoft Visual Studio Solution File, Format Version 12.00
# Visual Studio Version 17
VisualStudioVersion = 17.2.32526.322
MinimumVisualStudioVersion = 10.0.40219.1
Project("{FAE04EC0-301F-11D3-BF4B-00C04F79EFBC}") = "WebApplication1", "WebApplication1.csproj", "{00289983-9D1B-49DE-BAFC-16288B5FA57D}"
EndProject
Global
	GlobalSection(SolutionConfigurationPlatforms) = preSolution
		Debug|Any CPU = Debug|Any CPU
		Release|Any CPU = Release|Any CPU
	EndGlobalSection
	GlobalSection(ProjectConfigurationPlatforms) = postSolution
		{00289983-9D1B-49DE-BAFC-16288B5FA57D}.Debug|Any CPU.ActiveCfg = Debug|Any CPU
		{00289983-9D1B-49DE-BAFC-16288B5FA57D}.Debug|Any CPU.Build.0 = Debug|Any CPU
		{00289983-9D1B-49DE-BAFC-16288B5FA57D}.Release|Any CPU.ActiveCfg = Release|Any CPU
		{00289983-9D1B-49DE-BAFC-16288B5FA57D}.Release|Any CPU.Build.0 = Release|Any CPU
	EndGlobalSection
	GlobalSection(SolutionProperties) = preSolution
		HideSolutionNode = FALSE
	EndGlobalSection
	GlobalSection(ExtensibilityGlobals) = postSolution
		SolutionGuid = {C571D7B5-627D-4954-8736-DE4A7A9293EC}
	EndGlobalSection
EndGlobal
